
Microsoft Visual Studio Solution File, Format Version 12.00
# Visual Studio Version 17
VisualStudioVersion = 17.4.33213.308
MinimumVisualStudioVersion = 10.0.40219.1
Project("{9A19103F-16F7-4668-BE54-9A1E7A4F7556}") = "DnD", "DnD\DnD.csproj", "{844502AB-C00E-4DEC-8603-AC780A5F16D2}"
EndProject
Project("{FAE04EC0-301F-11D3-BF4B-00C04F79EFBC}") = "Testing", "Testing\Testing.csproj", "{B70BD1F1-B72C-4305-8E33-23164ACABB8F}"
EndProject
Global
	GlobalSection(SolutionConfigurationPlatforms) = preSolution
		Debug|Any CPU = Debug|Any CPU
		Release|Any CPU = Release|Any CPU
	EndGlobalSection
	GlobalSection(ProjectConfigurationPlatforms) = postSolution
		{844502AB-C00E-4DEC-8603-AC780A5F16D2}.Debug|Any CPU.ActiveCfg = Debug|Any CPU
		{844502AB-C00E-4DEC-8603-AC780A5F16D2}.Debug|Any CPU.Build.0 = Debug|Any CPU
		{844502AB-C00E-4DEC-8603-AC780A5F16D2}.Release|Any CPU.ActiveCfg = Release|Any CPU
		{844502AB-C00E-4DEC-8603-AC780A5F16D2}.Release|Any CPU.Build.0 = Release|Any CPU
		{B70BD1F1-B72C-4305-8E33-23164ACABB8F}.Debug|Any CPU.ActiveCfg = Debug|Any CPU
		{B70BD1F1-B72C-4305-8E33-23164ACABB8F}.Debug|Any CPU.Build.0 = Debug|Any CPU
		{B70BD1F1-B72C-4305-8E33-23164ACABB8F}.Release|Any CPU.ActiveCfg = Release|Any CPU
		{B70BD1F1-B72C-4305-8E33-23164ACABB8F}.Release|Any CPU.Build.0 = Release|Any CPU
	EndGlobalSection
	GlobalSection(SolutionProperties) = preSolution
		HideSolutionNode = FALSE
	EndGlobalSection
	GlobalSection(ExtensibilityGlobals) = postSolution
		SolutionGuid = {999088D9-D568-4BF0-8B8C-EB86AE88A34A}
	EndGlobalSection
EndGlobal
